# THIS IS AN AUTOGENERATED FILE. DO NOT EDIT THIS FILE DIRECTLY.
# yarn lockfile v1


cue-sdk@1.2.0:
  version "1.2.0"
  resolved "https://registry.yarnpkg.com/cue-sdk/-/cue-sdk-1.2.0.tgz#1c7ff7e5dcfe62fe29c10a8b7e3af3147f7851b4"
  integrity sha512-HMVU5d9dXFhVjNbHpttiz72Uto0cE5N0DHUlx5x5bmwCIE5eRIC1oDdUZuxl8rK6mURLW2gThRJnIGuxvH8lgA==
  dependencies:
    node-addon-api "2.0.0"
    node-gyp-build "4.2.1"

node-addon-api@2.0.0:
  version "2.0.0"
  resolved "https://registry.yarnpkg.com/node-addon-api/-/node-addon-api-2.0.0.tgz#f9afb8d777a91525244b01775ea0ddbe1125483b"
  integrity sha512-ASCL5U13as7HhOExbT6OlWJJUV/lLzL2voOSP1UVehpRD8FbSrSDjfScK/KwAvVTI5AS6r4VwbOMlIqtvRidnA==

node-gyp-build@4.2.1:
  version "4.2.1"
  resolved "https://registry.yarnpkg.com/node-gyp-build/-/node-gyp-build-4.2.1.tgz#f28f0d3d3ab268d48ab76c6f446f19bc3d0db9dc"
  integrity sha512-XyCKXsqZfLqHep1hhsMncoXuUNt/cXCjg1+8CLbu69V1TKuPiOeSGbL9n+k/ByKH8UT0p4rdIX8XkTRZV0i7Sw==
