# THIS IS AN AUTOGENERATED FILE. DO NOT EDIT THIS FILE DIRECTLY.
# yarn lockfile v1


cue-sdk@1.4.1:
  version "1.4.1"
  resolved "https://registry.yarnpkg.com/cue-sdk/-/cue-sdk-1.4.1.tgz#6e4af9b35b9a22742a59bf9296fa03036f71e780"
  integrity sha512-JdjKI65mZChAsfw0kWJl5+Gpmwebg/taf+5ziVykZnu2ALLU/hYJSIHlG4tNmGtg/M0lFmEqA/H+eG6kMXkqIA==
  dependencies:
    node-addon-api "3.0.0"
    node-gyp-build "4.2.3"

node-addon-api@3.0.0:
  version "3.0.0"
  resolved "https://registry.yarnpkg.com/node-addon-api/-/node-addon-api-3.0.0.tgz#812446a1001a54f71663bed188314bba07e09247"
  integrity sha512-sSHCgWfJ+Lui/u+0msF3oyCgvdkhxDbkCS6Q8uiJquzOimkJBvX6hl5aSSA7DR1XbMpdM8r7phjcF63sF4rkKg==

node-gyp-build@4.2.3:
  version "4.2.3"
  resolved "https://registry.yarnpkg.com/node-gyp-build/-/node-gyp-build-4.2.3.tgz#ce6277f853835f718829efb47db20f3e4d9c4739"
  integrity sha512-MN6ZpzmfNCRM+3t57PTJHgHyw/h4OWnZ6mR8P5j/uZtqQr46RRuDE/P+g3n0YR/AiYXeWixZZzaip77gdICfRg==
